
Microsoft Visual Studio Solution File, Format Version 12.00
# Visual Studio Version 16
VisualStudioVersion = 16.0.30011.22
MinimumVisualStudioVersion = 10.0.40219.1
Project("{9A19103F-16F7-4668-BE54-9A1E7A4F7556}") = "ZX.Auth", "ZX.Auth\ZX.Auth.csproj", "{04038C87-CEAC-4800-B3FF-189CB08D1E93}"
EndProject
Project("{9A19103F-16F7-4668-BE54-9A1E7A4F7556}") = "ZX.Auth4NET", "ZX.Auth\ZX.Auth4NET.csproj", "{A1CD4D1B-D193-4031-92EC-FB11B6BE9B0F}"
EndProject
Project("{FAE04EC0-301F-11D3-BF4B-00C04F79EFBC}") = "ZX.SSOSdk", "ZX.SSOSdk\ZX.SSOSdk.csproj", "{277CF3DA-6EBA-477C-B35B-F2249BC176D7}"
EndProject
Project("{FAE04EC0-301F-11D3-BF4B-00C04F79EFBC}") = "DemoServer", "DemoServer\DemoServer.csproj", "{C5626D1F-1C80-4946-B820-E3FB38ACE629}"
EndProject
Global
	GlobalSection(SolutionConfigurationPlatforms) = preSolution
		Debug|Any CPU = Debug|Any CPU
		Release|Any CPU = Release|Any CPU
	EndGlobalSection
	GlobalSection(ProjectConfigurationPlatforms) = postSolution
		{04038C87-CEAC-4800-B3FF-189CB08D1E93}.Debug|Any CPU.ActiveCfg = Debug|Any CPU
		{04038C87-CEAC-4800-B3FF-189CB08D1E93}.Debug|Any CPU.Build.0 = Debug|Any CPU
		{04038C87-CEAC-4800-B3FF-189CB08D1E93}.Release|Any CPU.ActiveCfg = Release|Any CPU
		{04038C87-CEAC-4800-B3FF-189CB08D1E93}.Release|Any CPU.Build.0 = Release|Any CPU
		{A1CD4D1B-D193-4031-92EC-FB11B6BE9B0F}.Debug|Any CPU.ActiveCfg = Debug|Any CPU
		{A1CD4D1B-D193-4031-92EC-FB11B6BE9B0F}.Debug|Any CPU.Build.0 = Debug|Any CPU
		{A1CD4D1B-D193-4031-92EC-FB11B6BE9B0F}.Release|Any CPU.ActiveCfg = Release|Any CPU
		{A1CD4D1B-D193-4031-92EC-FB11B6BE9B0F}.Release|Any CPU.Build.0 = Release|Any CPU
		{277CF3DA-6EBA-477C-B35B-F2249BC176D7}.Debug|Any CPU.ActiveCfg = Debug|Any CPU
		{277CF3DA-6EBA-477C-B35B-F2249BC176D7}.Debug|Any CPU.Build.0 = Debug|Any CPU
		{277CF3DA-6EBA-477C-B35B-F2249BC176D7}.Release|Any CPU.ActiveCfg = Release|Any CPU
		{277CF3DA-6EBA-477C-B35B-F2249BC176D7}.Release|Any CPU.Build.0 = Release|Any CPU
		{C5626D1F-1C80-4946-B820-E3FB38ACE629}.Debug|Any CPU.ActiveCfg = Debug|Any CPU
		{C5626D1F-1C80-4946-B820-E3FB38ACE629}.Debug|Any CPU.Build.0 = Debug|Any CPU
		{C5626D1F-1C80-4946-B820-E3FB38ACE629}.Release|Any CPU.ActiveCfg = Release|Any CPU
		{C5626D1F-1C80-4946-B820-E3FB38ACE629}.Release|Any CPU.Build.0 = Release|Any CPU
	EndGlobalSection
	GlobalSection(SolutionProperties) = preSolution
		HideSolutionNode = FALSE
	EndGlobalSection
	GlobalSection(ExtensibilityGlobals) = postSolution
		SolutionGuid = {4CA765FC-09A5-426D-87D2-8F4B2593AACE}
	EndGlobalSection
EndGlobal
